
Microsoft Visual Studio Solution File, Format Version 12.00
# Visual Studio 15
VisualStudioVersion = 15.0.28307.271
MinimumVisualStudioVersion = 10.0.40219.1
Project("{FAE04EC0-301F-11D3-BF4B-00C04F79EFBC}") = "Text_Files", "Text_Files.csproj", "{83C57B73-F382-4CC4-AFAD-D39A55250366}"
EndProject
Global
	GlobalSection(SolutionConfigurationPlatforms) = preSolution
		Debug|Any CPU = Debug|Any CPU
		Release|Any CPU = Release|Any CPU
	EndGlobalSection
	GlobalSection(ProjectConfigurationPlatforms) = postSolution
		{83C57B73-F382-4CC4-AFAD-D39A55250366}.Debug|Any CPU.ActiveCfg = Debug|Any CPU
		{83C57B73-F382-4CC4-AFAD-D39A55250366}.Debug|Any CPU.Build.0 = Debug|Any CPU
		{83C57B73-F382-4CC4-AFAD-D39A55250366}.Release|Any CPU.ActiveCfg = Release|Any CPU
		{83C57B73-F382-4CC4-AFAD-D39A55250366}.Release|Any CPU.Build.0 = Release|Any CPU
	EndGlobalSection
	GlobalSection(SolutionProperties) = preSolution
		HideSolutionNode = FALSE
	EndGlobalSection
	GlobalSection(ExtensibilityGlobals) = postSolution
		SolutionGuid = {38C1B180-F140-403C-9A71-9B3899FDD731}
	EndGlobalSection
EndGlobal
